
Microsoft Visual Studio Solution File, Format Version 12.00
# Visual Studio 15
VisualStudioVersion = 15.0.27428.2037
MinimumVisualStudioVersion = 10.0.40219.1
Project("{FAE04EC0-301F-11D3-BF4B-00C04F79EFBC}") = "project", "project\project.csproj", "{5F5599B9-C09A-4ABE-916D-E264E247D0DE}"
EndProject
Project("{FAE04EC0-301F-11D3-BF4B-00C04F79EFBC}") = "COMMON", "COMMON\COMMON.csproj", "{46897C28-C8AE-422C-A21A-4D6FE17DECA9}"
EndProject
Project("{FAE04EC0-301F-11D3-BF4B-00C04F79EFBC}") = "DAL", "DAL\DAL.csproj", "{F3DF8B7E-95D5-4D3E-A307-8164CEE9BD71}"
EndProject
Project("{FAE04EC0-301F-11D3-BF4B-00C04F79EFBC}") = "BLL", "BLL\BLL.csproj", "{37450F47-FECF-4312-BA6A-EC3783B34278}"
EndProject
Project("{FAE04EC0-301F-11D3-BF4B-00C04F79EFBC}") = "WebApi", "WebApi\WebApi.csproj", "{D26662E2-2C74-4057-941B-65842956F3D9}"
EndProject
Global
	GlobalSection(SolutionConfigurationPlatforms) = preSolution
		Debug|Any CPU = Debug|Any CPU
		Release|Any CPU = Release|Any CPU
	EndGlobalSection
	GlobalSection(ProjectConfigurationPlatforms) = postSolution
		{5F5599B9-C09A-4ABE-916D-E264E247D0DE}.Debug|Any CPU.ActiveCfg = Debug|Any CPU
		{5F5599B9-C09A-4ABE-916D-E264E247D0DE}.Debug|Any CPU.Build.0 = Debug|Any CPU
		{5F5599B9-C09A-4ABE-916D-E264E247D0DE}.Release|Any CPU.ActiveCfg = Release|Any CPU
		{5F5599B9-C09A-4ABE-916D-E264E247D0DE}.Release|Any CPU.Build.0 = Release|Any CPU
		{46897C28-C8AE-422C-A21A-4D6FE17DECA9}.Debug|Any CPU.ActiveCfg = Debug|Any CPU
		{46897C28-C8AE-422C-A21A-4D6FE17DECA9}.Debug|Any CPU.Build.0 = Debug|Any CPU
		{46897C28-C8AE-422C-A21A-4D6FE17DECA9}.Release|Any CPU.ActiveCfg = Release|Any CPU
		{46897C28-C8AE-422C-A21A-4D6FE17DECA9}.Release|Any CPU.Build.0 = Release|Any CPU
		{F3DF8B7E-95D5-4D3E-A307-8164CEE9BD71}.Debug|Any CPU.ActiveCfg = Debug|Any CPU
		{F3DF8B7E-95D5-4D3E-A307-8164CEE9BD71}.Debug|Any CPU.Build.0 = Debug|Any CPU
		{F3DF8B7E-95D5-4D3E-A307-8164CEE9BD71}.Release|Any CPU.ActiveCfg = Release|Any CPU
		{F3DF8B7E-95D5-4D3E-A307-8164CEE9BD71}.Release|Any CPU.Build.0 = Release|Any CPU
		{37450F47-FECF-4312-BA6A-EC3783B34278}.Debug|Any CPU.ActiveCfg = Debug|Any CPU
		{37450F47-FECF-4312-BA6A-EC3783B34278}.Debug|Any CPU.Build.0 = Debug|Any CPU
		{37450F47-FECF-4312-BA6A-EC3783B34278}.Release|Any CPU.ActiveCfg = Release|Any CPU
		{37450F47-FECF-4312-BA6A-EC3783B34278}.Release|Any CPU.Build.0 = Release|Any CPU
		{D26662E2-2C74-4057-941B-65842956F3D9}.Debug|Any CPU.ActiveCfg = Debug|Any CPU
		{D26662E2-2C74-4057-941B-65842956F3D9}.Debug|Any CPU.Build.0 = Debug|Any CPU
		{D26662E2-2C74-4057-941B-65842956F3D9}.Release|Any CPU.ActiveCfg = Release|Any CPU
		{D26662E2-2C74-4057-941B-65842956F3D9}.Release|Any CPU.Build.0 = Release|Any CPU
	EndGlobalSection
	GlobalSection(SolutionProperties) = preSolution
		HideSolutionNode = FALSE
	EndGlobalSection
	GlobalSection(ExtensibilityGlobals) = postSolution
		SolutionGuid = {E04A04C7-BCA9-448A-B9FA-0E1D6FBA318D}
	EndGlobalSection
EndGlobal
